
Microsoft Visual Studio Solution File, Format Version 12.00
# Visual Studio Version 16
VisualStudioVersion = 16.0.32002.261
MinimumVisualStudioVersion = 10.0.40219.1
Project("{2150E333-8FDC-42A3-9474-1A3956D46DE8}") = "FrontEnd", "FrontEnd", "{5B8271A6-F867-4C60-B758-8FA33455B679}"
EndProject
Project("{9A19103F-16F7-4668-BE54-9A1E7A4F7556}") = "Bio.Web", "Bio.Web\Bio.Web.csproj", "{E9E6AA8A-AAB6-4420-8461-A5ACA291518F}"
EndProject
Project("{2150E333-8FDC-42A3-9474-1A3956D46DE8}") = "Services", "Services", "{FD44140A-BC1C-4BDC-8671-E5E2FE776DC5}"
EndProject
Project("{9A19103F-16F7-4668-BE54-9A1E7A4F7556}") = "Bio.Services.ProductAPI", "Bio.Services.ProductAPI\Bio.Services.ProductAPI.csproj", "{C9C35DF1-399C-4F95-9D47-4B352B6E28E2}"
EndProject
Project("{2150E333-8FDC-42A3-9474-1A3956D46DE8}") = "ProductAPI", "ProductAPI", "{89E64BBF-9CA3-4507-9797-907D191E81A6}"
EndProject
Project("{2150E333-8FDC-42A3-9474-1A3956D46DE8}") = "Identity", "Identity", "{EA4FEE9F-53C3-4560-B10E-E55896AB7283}"
EndProject
Project("{9A19103F-16F7-4668-BE54-9A1E7A4F7556}") = "Bio.Services.Identity", "Bio.Services.Identity\Bio.Services.Identity.csproj", "{786EC16C-8AC8-447C-B236-537397EA1D8E}"
EndProject
Project("{2150E333-8FDC-42A3-9474-1A3956D46DE8}") = "ShoppingCartAPI", "ShoppingCartAPI", "{62E40C94-60AF-4D09-85D7-F5A61838DE1F}"
EndProject
Project("{9A19103F-16F7-4668-BE54-9A1E7A4F7556}") = "Bio.Services.ShoppingCartAPI", "Bio.Services.ShoppingCartAPI\Bio.Services.ShoppingCartAPI.csproj", "{9E64AA4F-2D0A-416A-91DF-D3D8168C4285}"
EndProject
Project("{9A19103F-16F7-4668-BE54-9A1E7A4F7556}") = "Bio.Services.ShoppingCartAPI.Business", "Bio.Services.ShoppingCartAPI.Business\Bio.Services.ShoppingCartAPI.Business.csproj", "{64841293-A905-41C7-B9AA-BFF2665F70F4}"
EndProject
Project("{9A19103F-16F7-4668-BE54-9A1E7A4F7556}") = "Bio.Services.ShoppingCartAPI.Data", "Bio.Services.ShoppingCartAPI.Data\Bio.Services.ShoppingCartAPI.Data.csproj", "{D8078133-2320-482D-8F77-27A5CDB1761E}"
EndProject
Project("{9A19103F-16F7-4668-BE54-9A1E7A4F7556}") = "Bio.Services.ShoppingCartAPI.Models", "Bio.Services.ShoppingCartAPI.Models\Bio.Services.ShoppingCartAPI.Models.csproj", "{D1A64E68-8F51-419E-BC90-CAD539208AB7}"
EndProject
Project("{9A19103F-16F7-4668-BE54-9A1E7A4F7556}") = "Bio.Services.ProductAPI.Business", "Bio.Services.ProductAPI.Business\Bio.Services.ProductAPI.Business.csproj", "{614F4303-CA80-4305-A386-172E553D2BF6}"
EndProject
Project("{9A19103F-16F7-4668-BE54-9A1E7A4F7556}") = "Bio.Services.ProductAPI.Data", "Bio.Services.ProductAPI.Data\Bio.Services.ProductAPI.Data.csproj", "{1D05BB87-F632-48AF-A4EC-6810299E6FA1}"
EndProject
Project("{9A19103F-16F7-4668-BE54-9A1E7A4F7556}") = "Bio.Services.ProductAPI.Models", "Bio.Services.ProductAPI.Models\Bio.Services.ProductAPI.Models.csproj", "{E42279AC-B480-47EB-82DD-F5D75A3B2C41}"
EndProject
Global
	GlobalSection(SolutionConfigurationPlatforms) = preSolution
		Debug|Any CPU = Debug|Any CPU
		Release|Any CPU = Release|Any CPU
	EndGlobalSection
	GlobalSection(ProjectConfigurationPlatforms) = postSolution
		{E9E6AA8A-AAB6-4420-8461-A5ACA291518F}.Debug|Any CPU.ActiveCfg = Debug|Any CPU
		{E9E6AA8A-AAB6-4420-8461-A5ACA291518F}.Debug|Any CPU.Build.0 = Debug|Any CPU
		{E9E6AA8A-AAB6-4420-8461-A5ACA291518F}.Release|Any CPU.ActiveCfg = Release|Any CPU
		{E9E6AA8A-AAB6-4420-8461-A5ACA291518F}.Release|Any CPU.Build.0 = Release|Any CPU
		{C9C35DF1-399C-4F95-9D47-4B352B6E28E2}.Debug|Any CPU.ActiveCfg = Debug|Any CPU
		{C9C35DF1-399C-4F95-9D47-4B352B6E28E2}.Debug|Any CPU.Build.0 = Debug|Any CPU
		{C9C35DF1-399C-4F95-9D47-4B352B6E28E2}.Release|Any CPU.ActiveCfg = Release|Any CPU
		{C9C35DF1-399C-4F95-9D47-4B352B6E28E2}.Release|Any CPU.Build.0 = Release|Any CPU
		{786EC16C-8AC8-447C-B236-537397EA1D8E}.Debug|Any CPU.ActiveCfg = Debug|Any CPU
		{786EC16C-8AC8-447C-B236-537397EA1D8E}.Debug|Any CPU.Build.0 = Debug|Any CPU
		{786EC16C-8AC8-447C-B236-537397EA1D8E}.Release|Any CPU.ActiveCfg = Release|Any CPU
		{786EC16C-8AC8-447C-B236-537397EA1D8E}.Release|Any CPU.Build.0 = Release|Any CPU
		{9E64AA4F-2D0A-416A-91DF-D3D8168C4285}.Debug|Any CPU.ActiveCfg = Debug|Any CPU
		{9E64AA4F-2D0A-416A-91DF-D3D8168C4285}.Debug|Any CPU.Build.0 = Debug|Any CPU
		{9E64AA4F-2D0A-416A-91DF-D3D8168C4285}.Release|Any CPU.ActiveCfg = Release|Any CPU
		{9E64AA4F-2D0A-416A-91DF-D3D8168C4285}.Release|Any CPU.Build.0 = Release|Any CPU
		{64841293-A905-41C7-B9AA-BFF2665F70F4}.Debug|Any CPU.ActiveCfg = Debug|Any CPU
		{64841293-A905-41C7-B9AA-BFF2665F70F4}.Debug|Any CPU.Build.0 = Debug|Any CPU
		{64841293-A905-41C7-B9AA-BFF2665F70F4}.Release|Any CPU.ActiveCfg = Release|Any CPU
		{64841293-A905-41C7-B9AA-BFF2665F70F4}.Release|Any CPU.Build.0 = Release|Any CPU
		{D8078133-2320-482D-8F77-27A5CDB1761E}.Debug|Any CPU.ActiveCfg = Debug|Any CPU
		{D8078133-2320-482D-8F77-27A5CDB1761E}.Debug|Any CPU.Build.0 = Debug|Any CPU
		{D8078133-2320-482D-8F77-27A5CDB1761E}.Release|Any CPU.ActiveCfg = Release|Any CPU
		{D8078133-2320-482D-8F77-27A5CDB1761E}.Release|Any CPU.Build.0 = Release|Any CPU
		{D1A64E68-8F51-419E-BC90-CAD539208AB7}.Debug|Any CPU.ActiveCfg = Debug|Any CPU
		{D1A64E68-8F51-419E-BC90-CAD539208AB7}.Debug|Any CPU.Build.0 = Debug|Any CPU
		{D1A64E68-8F51-419E-BC90-CAD539208AB7}.Release|Any CPU.ActiveCfg = Release|Any CPU
		{D1A64E68-8F51-419E-BC90-CAD539208AB7}.Release|Any CPU.Build.0 = Release|Any CPU
		{614F4303-CA80-4305-A386-172E553D2BF6}.Debug|Any CPU.ActiveCfg = Debug|Any CPU
		{614F4303-CA80-4305-A386-172E553D2BF6}.Debug|Any CPU.Build.0 = Debug|Any CPU
		{614F4303-CA80-4305-A386-172E553D2BF6}.Release|Any CPU.ActiveCfg = Release|Any CPU
		{614F4303-CA80-4305-A386-172E553D2BF6}.Release|Any CPU.Build.0 = Release|Any CPU
		{1D05BB87-F632-48AF-A4EC-6810299E6FA1}.Debug|Any CPU.ActiveCfg = Debug|Any CPU
		{1D05BB87-F632-48AF-A4EC-6810299E6FA1}.Debug|Any CPU.Build.0 = Debug|Any CPU
		{1D05BB87-F632-48AF-A4EC-6810299E6FA1}.Release|Any CPU.ActiveCfg = Release|Any CPU
		{1D05BB87-F632-48AF-A4EC-6810299E6FA1}.Release|Any CPU.Build.0 = Release|Any CPU
		{E42279AC-B480-47EB-82DD-F5D75A3B2C41}.Debug|Any CPU.ActiveCfg = Debug|Any CPU
		{E42279AC-B480-47EB-82DD-F5D75A3B2C41}.Debug|Any CPU.Build.0 = Debug|Any CPU
		{E42279AC-B480-47EB-82DD-F5D75A3B2C41}.Release|Any CPU.ActiveCfg = Release|Any CPU
		{E42279AC-B480-47EB-82DD-F5D75A3B2C41}.Release|Any CPU.Build.0 = Release|Any CPU
	EndGlobalSection
	GlobalSection(SolutionProperties) = preSolution
		HideSolutionNode = FALSE
	EndGlobalSection
	GlobalSection(NestedProjects) = preSolution
		{E9E6AA8A-AAB6-4420-8461-A5ACA291518F} = {5B8271A6-F867-4C60-B758-8FA33455B679}
		{C9C35DF1-399C-4F95-9D47-4B352B6E28E2} = {89E64BBF-9CA3-4507-9797-907D191E81A6}
		{89E64BBF-9CA3-4507-9797-907D191E81A6} = {FD44140A-BC1C-4BDC-8671-E5E2FE776DC5}
		{EA4FEE9F-53C3-4560-B10E-E55896AB7283} = {FD44140A-BC1C-4BDC-8671-E5E2FE776DC5}
		{786EC16C-8AC8-447C-B236-537397EA1D8E} = {EA4FEE9F-53C3-4560-B10E-E55896AB7283}
		{62E40C94-60AF-4D09-85D7-F5A61838DE1F} = {FD44140A-BC1C-4BDC-8671-E5E2FE776DC5}
		{9E64AA4F-2D0A-416A-91DF-D3D8168C4285} = {62E40C94-60AF-4D09-85D7-F5A61838DE1F}
		{64841293-A905-41C7-B9AA-BFF2665F70F4} = {62E40C94-60AF-4D09-85D7-F5A61838DE1F}
		{D8078133-2320-482D-8F77-27A5CDB1761E} = {62E40C94-60AF-4D09-85D7-F5A61838DE1F}
		{D1A64E68-8F51-419E-BC90-CAD539208AB7} = {62E40C94-60AF-4D09-85D7-F5A61838DE1F}
		{614F4303-CA80-4305-A386-172E553D2BF6} = {89E64BBF-9CA3-4507-9797-907D191E81A6}
		{1D05BB87-F632-48AF-A4EC-6810299E6FA1} = {89E64BBF-9CA3-4507-9797-907D191E81A6}
		{E42279AC-B480-47EB-82DD-F5D75A3B2C41} = {89E64BBF-9CA3-4507-9797-907D191E81A6}
	EndGlobalSection
	GlobalSection(ExtensibilityGlobals) = postSolution
		SolutionGuid = {874615F0-B34C-4BF7-8B7E-01D8ED4A10DE}
	EndGlobalSection
EndGlobal
