
Microsoft Visual Studio Solution File, Format Version 12.00
# Visual Studio Version 16
VisualStudioVersion = 16.0.32002.261
MinimumVisualStudioVersion = 10.0.40219.1
Project("{2150E333-8FDC-42A3-9474-1A3956D46DE8}") = "FrontEnd", "FrontEnd", "{5B8271A6-F867-4C60-B758-8FA33455B679}"
EndProject
Project("{9A19103F-16F7-4668-BE54-9A1E7A4F7556}") = "Bio.Web", "Bio.Web\Bio.Web.csproj", "{E9E6AA8A-AAB6-4420-8461-A5ACA291518F}"
EndProject
Project("{2150E333-8FDC-42A3-9474-1A3956D46DE8}") = "Services", "Services", "{FD44140A-BC1C-4BDC-8671-E5E2FE776DC5}"
EndProject
Project("{FAE04EC0-301F-11D3-BF4B-00C04F79EFBC}") = "Bio.Services.ProductAPI", "Bio.Services.ProductAPI\Bio.Services.ProductAPI.csproj", "{C9C35DF1-399C-4F95-9D47-4B352B6E28E2}"
EndProject
Global
	GlobalSection(SolutionConfigurationPlatforms) = preSolution
		Debug|Any CPU = Debug|Any CPU
		Release|Any CPU = Release|Any CPU
	EndGlobalSection
	GlobalSection(ProjectConfigurationPlatforms) = postSolution
		{E9E6AA8A-AAB6-4420-8461-A5ACA291518F}.Debug|Any CPU.ActiveCfg = Debug|Any CPU
		{E9E6AA8A-AAB6-4420-8461-A5ACA291518F}.Debug|Any CPU.Build.0 = Debug|Any CPU
		{E9E6AA8A-AAB6-4420-8461-A5ACA291518F}.Release|Any CPU.ActiveCfg = Release|Any CPU
		{E9E6AA8A-AAB6-4420-8461-A5ACA291518F}.Release|Any CPU.Build.0 = Release|Any CPU
		{C9C35DF1-399C-4F95-9D47-4B352B6E28E2}.Debug|Any CPU.ActiveCfg = Debug|Any CPU
		{C9C35DF1-399C-4F95-9D47-4B352B6E28E2}.Debug|Any CPU.Build.0 = Debug|Any CPU
		{C9C35DF1-399C-4F95-9D47-4B352B6E28E2}.Release|Any CPU.ActiveCfg = Release|Any CPU
		{C9C35DF1-399C-4F95-9D47-4B352B6E28E2}.Release|Any CPU.Build.0 = Release|Any CPU
	EndGlobalSection
	GlobalSection(SolutionProperties) = preSolution
		HideSolutionNode = FALSE
	EndGlobalSection
	GlobalSection(NestedProjects) = preSolution
		{E9E6AA8A-AAB6-4420-8461-A5ACA291518F} = {5B8271A6-F867-4C60-B758-8FA33455B679}
		{C9C35DF1-399C-4F95-9D47-4B352B6E28E2} = {FD44140A-BC1C-4BDC-8671-E5E2FE776DC5}
	EndGlobalSection
	GlobalSection(ExtensibilityGlobals) = postSolution
		SolutionGuid = {874615F0-B34C-4BF7-8B7E-01D8ED4A10DE}
	EndGlobalSection
EndGlobal
